{
  "name": "js-cqrs-es",
  "version": "0.0.1-beta.1",
  "dependencies": {
    "babel-runtime": {
      "version": "6.23.0",
      "from": "babel-runtime@latest",
      "resolved": "https://registry.npmjs.org/babel-runtime/-/babel-runtime-6.23.0.tgz"
    },
    "core-js": {
      "version": "2.4.1",
      "from": "core-js@>=2.4.0 <3.0.0",
      "resolved": "https://registry.npmjs.org/core-js/-/core-js-2.4.1.tgz"
    },
    "regenerator-runtime": {
      "version": "0.10.3",
      "from": "regenerator-runtime@>=0.10.0 <0.11.0",
      "resolved": "https://registry.npmjs.org/regenerator-runtime/-/regenerator-runtime-0.10.3.tgz"
    }
  }
}
